
Microsoft Visual Studio Solution File, Format Version 12.00
# Visual Studio Version 17
VisualStudioVersion = 17.1.32414.318
MinimumVisualStudioVersion = 10.0.40219.1
Project("{8BC9CEB8-8B4A-11D0-8D11-00A0C91BC942}") = "SudokuMaster", "SudokuMaster\SudokuMaster.vcxproj", "{45983F52-31A5-4A2A-B3C9-3037349C80DC}"
EndProject
Project("{54435603-DBB4-11D2-8724-00A0C9A8B90C}") = "SetupSudokuMaster", "SetupSudokuMaster\SetupSudokuMaster.vdproj", "{32119171-5391-49E0-BD52-23F9742BAB67}"
EndProject
Global
	GlobalSection(SolutionConfigurationPlatforms) = preSolution
		Debug|x64 = Debug|x64
		Debug|x86 = Debug|x86
		Release|x64 = Release|x64
		Release|x86 = Release|x86
	EndGlobalSection
	GlobalSection(ProjectConfigurationPlatforms) = postSolution
		{45983F52-31A5-4A2A-B3C9-3037349C80DC}.Debug|x64.ActiveCfg = Debug|x64
		{45983F52-31A5-4A2A-B3C9-3037349C80DC}.Debug|x64.Build.0 = Debug|x64
		{45983F52-31A5-4A2A-B3C9-3037349C80DC}.Debug|x86.ActiveCfg = Debug|Win32
		{45983F52-31A5-4A2A-B3C9-3037349C80DC}.Debug|x86.Build.0 = Debug|Win32
		{45983F52-31A5-4A2A-B3C9-3037349C80DC}.Release|x64.ActiveCfg = Release|x64
		{45983F52-31A5-4A2A-B3C9-3037349C80DC}.Release|x64.Build.0 = Release|x64
		{45983F52-31A5-4A2A-B3C9-3037349C80DC}.Release|x86.ActiveCfg = Release|Win32
		{45983F52-31A5-4A2A-B3C9-3037349C80DC}.Release|x86.Build.0 = Release|Win32
		{32119171-5391-49E0-BD52-23F9742BAB67}.Debug|x64.ActiveCfg = Debug
		{32119171-5391-49E0-BD52-23F9742BAB67}.Debug|x86.ActiveCfg = Debug
		{32119171-5391-49E0-BD52-23F9742BAB67}.Release|x64.ActiveCfg = Release
		{32119171-5391-49E0-BD52-23F9742BAB67}.Release|x86.ActiveCfg = Release
	EndGlobalSection
	GlobalSection(SolutionProperties) = preSolution
		HideSolutionNode = FALSE
	EndGlobalSection
	GlobalSection(ExtensibilityGlobals) = postSolution
		SolutionGuid = {7E566C2B-B291-43F3-9BD7-8B2F2D0223EC}
	EndGlobalSection
EndGlobal
